// !$*UTF8*$!
{
	archiveVersion = 1;
	classes = {
	};
	objectVersion = 46;
	objects = {

/* Begin PBXBuildFile section */
		03058B3491F06519DABC71CD /* Pods_iOS_LondonHackathon.framework in Frameworks */ = {isa = PBXBuildFile; fileRef = F89CD7EA85B03FDC437C488E /* Pods_iOS_LondonHackathon.framework */; };
		1C701B87E330022A57E86D49 /* Pods_iOS_LondonHackathonUITests.framework in Frameworks */ = {isa = PBXBuildFile; fileRef = 867234353F26F0D7E9677EA7 /* Pods_iOS_LondonHackathonUITests.framework */; };
		9AF793751E8715C400FCE830 /* AppDelegate.swift in Sources */ = {isa = PBXBuildFile; fileRef = 9AF793741E8715C400FCE830 /* AppDelegate.swift */; };
		9AF793771E8715C400FCE830 /* ResultViewController.swift in Sources */ = {isa = PBXBuildFile; fileRef = 9AF793761E8715C400FCE830 /* ResultViewController.swift */; };
		9AF7937A1E8715C400FCE830 /* Main.storyboard in Resources */ = {isa = PBXBuildFile; fileRef = 9AF793781E8715C400FCE830 /* Main.storyboard */; };
		9AF7937C1E8715C400FCE830 /* Assets.xcassets in Resources */ = {isa = PBXBuildFile; fileRef = 9AF7937B1E8715C400FCE830 /* Assets.xcassets */; };
		9AF7937F1E8715C400FCE830 /* LaunchScreen.storyboard in Resources */ = {isa = PBXBuildFile; fileRef = 9AF7937D1E8715C400FCE830 /* LaunchScreen.storyboard */; };
		9AF7938A1E8715C400FCE830 /* iOS_LondonHackathonTests.swift in Sources */ = {isa = PBXBuildFile; fileRef = 9AF793891E8715C400FCE830 /* iOS_LondonHackathonTests.swift */; };
		9AF793951E8715C400FCE830 /* iOS_LondonHackathonUITests.swift in Sources */ = {isa = PBXBuildFile; fileRef = 9AF793941E8715C400FCE830 /* iOS_LondonHackathonUITests.swift */; };
		9AF793A91E871D0700FCE830 /* Comment.swift in Sources */ = {isa = PBXBuildFile; fileRef = 9AF793A81E871D0700FCE830 /* Comment.swift */; };
		9AF793AB1E87235400FCE830 /* KolodaCardView.swift in Sources */ = {isa = PBXBuildFile; fileRef = 9AF793AA1E87235400FCE830 /* KolodaCardView.swift */; };
		9AF793AD1E87238700FCE830 /* KolodaCardView.xib in Resources */ = {isa = PBXBuildFile; fileRef = 9AF793AC1E87238700FCE830 /* KolodaCardView.xib */; };
		9AF793B01E87240700FCE830 /* KolodaOverlayView.swift in Sources */ = {isa = PBXBuildFile; fileRef = 9AF793AF1E87240700FCE830 /* KolodaOverlayView.swift */; };
		9AF793B21E87242B00FCE830 /* KolodaOverlayView.xib in Resources */ = {isa = PBXBuildFile; fileRef = 9AF793B11E87242B00FCE830 /* KolodaOverlayView.xib */; };
		EB72B457FF9037DEC669D9CF /* Pods_iOS_LondonHackathonTests.framework in Frameworks */ = {isa = PBXBuildFile; fileRef = 7B807D7FAEAE7E41C3413DFA /* Pods_iOS_LondonHackathonTests.framework */; };
/* End PBXBuildFile section */

/* Begin PBXContainerItemProxy section */
		9AF793861E8715C400FCE830 /* PBXContainerItemProxy */ = {
			isa = PBXContainerItemProxy;
			containerPortal = 9AF793691E8715C400FCE830 /* Project object */;
			proxyType = 1;
			remoteGlobalIDString = 9AF793701E8715C400FCE830;
			remoteInfo = "iOS-LondonHackathon";
		};
		9AF793911E8715C400FCE830 /* PBXContainerItemProxy */ = {
			isa = PBXContainerItemProxy;
			containerPortal = 9AF793691E8715C400FCE830 /* Project object */;
			proxyType = 1;
			remoteGlobalIDString = 9AF793701E8715C400FCE830;
			remoteInfo = "iOS-LondonHackathon";
		};
/* End PBXContainerItemProxy section */

/* Begin PBXFileReference section */
		2A95C023F2F2E1C19FA6B3D4 /* Pods-iOS-LondonHackathonTests.release.xcconfig */ = {isa = PBXFileReference; includeInIndex = 1; lastKnownFileType = text.xcconfig; name = "Pods-iOS-LondonHackathonTests.release.xcconfig"; path = "Pods/Target Support Files/Pods-iOS-LondonHackathonTests/Pods-iOS-LondonHackathonTests.release.xcconfig"; sourceTree = "<group>"; };
		2D96F03ABF455EE37F2138FA /* Pods-iOS-LondonHackathon.release.xcconfig */ = {isa = PBXFileReference; includeInIndex = 1; lastKnownFileType = text.xcconfig; name = "Pods-iOS-LondonHackathon.release.xcconfig"; path = "Pods/Target Support Files/Pods-iOS-LondonHackathon/Pods-iOS-LondonHackathon.release.xcconfig"; sourceTree = "<group>"; };
		37CED3ED7D568D833C53C1A7 /* Pods-iOS-LondonHackathonUITests.debug.xcconfig */ = {isa = PBXFileReference; includeInIndex = 1; lastKnownFileType = text.xcconfig; name = "Pods-iOS-LondonHackathonUITests.debug.xcconfig"; path = "Pods/Target Support Files/Pods-iOS-LondonHackathonUITests/Pods-iOS-LondonHackathonUITests.debug.xcconfig"; sourceTree = "<group>"; };
		564F48EBA1306F45A26665E5 /* Pods-iOS-LondonHackathon.debug.xcconfig */ = {isa = PBXFileReference; includeInIndex = 1; lastKnownFileType = text.xcconfig; name = "Pods-iOS-LondonHackathon.debug.xcconfig"; path = "Pods/Target Support Files/Pods-iOS-LondonHackathon/Pods-iOS-LondonHackathon.debug.xcconfig"; sourceTree = "<group>"; };
		7B807D7FAEAE7E41C3413DFA /* Pods_iOS_LondonHackathonTests.framework */ = {isa = PBXFileReference; explicitFileType = wrapper.framework; includeInIndex = 0; path = Pods_iOS_LondonHackathonTests.framework; sourceTree = BUILT_PRODUCTS_DIR; };
		867234353F26F0D7E9677EA7 /* Pods_iOS_LondonHackathonUITests.framework */ = {isa = PBXFileReference; explicitFileType = wrapper.framework; includeInIndex = 0; path = Pods_iOS_LondonHackathonUITests.framework; sourceTree = BUILT_PRODUCTS_DIR; };
		9AF793711E8715C400FCE830 /* iOS-LondonHackathon.app */ = {isa = PBXFileReference; explicitFileType = wrapper.application; includeInIndex = 0; path = "iOS-LondonHackathon.app"; sourceTree = BUILT_PRODUCTS_DIR; };
		9AF793741E8715C400FCE830 /* AppDelegate.swift */ = {isa = PBXFileReference; lastKnownFileType = sourcecode.swift; path = AppDelegate.swift; sourceTree = "<group>"; };
		9AF793761E8715C400FCE830 /* ResultViewController.swift */ = {isa = PBXFileReference; lastKnownFileType = sourcecode.swift; path = ResultViewController.swift; sourceTree = "<group>"; };
		9AF793791E8715C400FCE830 /* Base */ = {isa = PBXFileReference; lastKnownFileType = file.storyboard; name = Base; path = Base.lproj/Main.storyboard; sourceTree = "<group>"; };
		9AF7937B1E8715C400FCE830 /* Assets.xcassets */ = {isa = PBXFileReference; lastKnownFileType = folder.assetcatalog; path = Assets.xcassets; sourceTree = "<group>"; };
		9AF7937E1E8715C400FCE830 /* Base */ = {isa = PBXFileReference; lastKnownFileType = file.storyboard; name = Base; path = Base.lproj/LaunchScreen.storyboard; sourceTree = "<group>"; };
		9AF793801E8715C400FCE830 /* Info.plist */ = {isa = PBXFileReference; lastKnownFileType = text.plist.xml; path = Info.plist; sourceTree = "<group>"; };
		9AF793851E8715C400FCE830 /* iOS-LondonHackathonTests.xctest */ = {isa = PBXFileReference; explicitFileType = wrapper.cfbundle; includeInIndex = 0; path = "iOS-LondonHackathonTests.xctest"; sourceTree = BUILT_PRODUCTS_DIR; };
		9AF793891E8715C400FCE830 /* iOS_LondonHackathonTests.swift */ = {isa = PBXFileReference; lastKnownFileType = sourcecode.swift; path = iOS_LondonHackathonTests.swift; sourceTree = "<group>"; };
		9AF7938B1E8715C400FCE830 /* Info.plist */ = {isa = PBXFileReference; lastKnownFileType = text.plist.xml; path = Info.plist; sourceTree = "<group>"; };
		9AF793901E8715C400FCE830 /* iOS-LondonHackathonUITests.xctest */ = {isa = PBXFileReference; explicitFileType = wrapper.cfbundle; includeInIndex = 0; path = "iOS-LondonHackathonUITests.xctest"; sourceTree = BUILT_PRODUCTS_DIR; };
		9AF793941E8715C400FCE830 /* iOS_LondonHackathonUITests.swift */ = {isa = PBXFileReference; lastKnownFileType = sourcecode.swift; path = iOS_LondonHackathonUITests.swift; sourceTree = "<group>"; };
		9AF793961E8715C400FCE830 /* Info.plist */ = {isa = PBXFileReference; lastKnownFileType = text.plist.xml; path = Info.plist; sourceTree = "<group>"; };
		9AF793A81E871D0700FCE830 /* Comment.swift */ = {isa = PBXFileReference; fileEncoding = 4; lastKnownFileType = sourcecode.swift; path = Comment.swift; sourceTree = "<group>"; };
		9AF793AA1E87235400FCE830 /* KolodaCardView.swift */ = {isa = PBXFileReference; fileEncoding = 4; lastKnownFileType = sourcecode.swift; path = KolodaCardView.swift; sourceTree = "<group>"; };
		9AF793AC1E87238700FCE830 /* KolodaCardView.xib */ = {isa = PBXFileReference; fileEncoding = 4; lastKnownFileType = file.xib; path = KolodaCardView.xib; sourceTree = "<group>"; };
		9AF793AF1E87240700FCE830 /* KolodaOverlayView.swift */ = {isa = PBXFileReference; fileEncoding = 4; lastKnownFileType = sourcecode.swift; path = KolodaOverlayView.swift; sourceTree = "<group>"; };
		9AF793B11E87242B00FCE830 /* KolodaOverlayView.xib */ = {isa = PBXFileReference; fileEncoding = 4; lastKnownFileType = file.xib; path = KolodaOverlayView.xib; sourceTree = "<group>"; };
		E5727246DA1DB046805DF4CE /* Pods-iOS-LondonHackathonUITests.release.xcconfig */ = {isa = PBXFileReference; includeInIndex = 1; lastKnownFileType = text.xcconfig; name = "Pods-iOS-LondonHackathonUITests.release.xcconfig"; path = "Pods/Target Support Files/Pods-iOS-LondonHackathonUITests/Pods-iOS-LondonHackathonUITests.release.xcconfig"; sourceTree = "<group>"; };
		F89CD7EA85B03FDC437C488E /* Pods_iOS_LondonHackathon.framework */ = {isa = PBXFileReference; explicitFileType = wrapper.framework; includeInIndex = 0; path = Pods_iOS_LondonHackathon.framework; sourceTree = BUILT_PRODUCTS_DIR; };
		FA85A9E1436554D893EA328F /* Pods-iOS-LondonHackathonTests.debug.xcconfig */ = {isa = PBXFileReference; includeInIndex = 1; lastKnownFileType = text.xcconfig; name = "Pods-iOS-LondonHackathonTests.debug.xcconfig"; path = "Pods/Target Support Files/Pods-iOS-LondonHackathonTests/Pods-iOS-LondonHackathonTests.debug.xcconfig"; sourceTree = "<group>"; };
/* End PBXFileReference section */

/* Begin PBXFrameworksBuildPhase section */
		9AF7936E1E8715C400FCE830 /* Frameworks */ = {
			isa = PBXFrameworksBuildPhase;
			buildActionMask = 2147483647;
			files = (
				03058B3491F06519DABC71CD /* Pods_iOS_LondonHackathon.framework in Frameworks */,
			);
			runOnlyForDeploymentPostprocessing = 0;
		};
		9AF793821E8715C400FCE830 /* Frameworks */ = {
			isa = PBXFrameworksBuildPhase;
			buildActionMask = 2147483647;
			files = (
				EB72B457FF9037DEC669D9CF /* Pods_iOS_LondonHackathonTests.framework in Frameworks */,
			);
			runOnlyForDeploymentPostprocessing = 0;
		};
		9AF7938D1E8715C400FCE830 /* Frameworks */ = {
			isa = PBXFrameworksBuildPhase;
			buildActionMask = 2147483647;
			files = (
				1C701B87E330022A57E86D49 /* Pods_iOS_LondonHackathonUITests.framework in Frameworks */,
			);
			runOnlyForDeploymentPostprocessing = 0;
		};
/* End PBXFrameworksBuildPhase section */

/* Begin PBXGroup section */
		26E2DAA6A0CF8597E1ACDBAE /* Frameworks */ = {
			isa = PBXGroup;
			children = (
				F89CD7EA85B03FDC437C488E /* Pods_iOS_LondonHackathon.framework */,
				7B807D7FAEAE7E41C3413DFA /* Pods_iOS_LondonHackathonTests.framework */,
				867234353F26F0D7E9677EA7 /* Pods_iOS_LondonHackathonUITests.framework */,
			);
			name = Frameworks;
			sourceTree = "<group>";
		};
		692CD735628B497691EE21FD /* Pods */ = {
			isa = PBXGroup;
			children = (
				564F48EBA1306F45A26665E5 /* Pods-iOS-LondonHackathon.debug.xcconfig */,
				2D96F03ABF455EE37F2138FA /* Pods-iOS-LondonHackathon.release.xcconfig */,
				FA85A9E1436554D893EA328F /* Pods-iOS-LondonHackathonTests.debug.xcconfig */,
				2A95C023F2F2E1C19FA6B3D4 /* Pods-iOS-LondonHackathonTests.release.xcconfig */,
				37CED3ED7D568D833C53C1A7 /* Pods-iOS-LondonHackathonUITests.debug.xcconfig */,
				E5727246DA1DB046805DF4CE /* Pods-iOS-LondonHackathonUITests.release.xcconfig */,
			);
			name = Pods;
			sourceTree = "<group>";
		};
		9AF793681E8715C400FCE830 = {
			isa = PBXGroup;
			children = (
				9AF793731E8715C400FCE830 /* iOS-LondonHackathon */,
				9AF793881E8715C400FCE830 /* iOS-LondonHackathonTests */,
				9AF793931E8715C400FCE830 /* iOS-LondonHackathonUITests */,
				9AF793721E8715C400FCE830 /* Products */,
				692CD735628B497691EE21FD /* Pods */,
				26E2DAA6A0CF8597E1ACDBAE /* Frameworks */,
			);
			sourceTree = "<group>";
		};
		9AF793721E8715C400FCE830 /* Products */ = {
			isa = PBXGroup;
			children = (
				9AF793711E8715C400FCE830 /* iOS-LondonHackathon.app */,
				9AF793851E8715C400FCE830 /* iOS-LondonHackathonTests.xctest */,
				9AF793901E8715C400FCE830 /* iOS-LondonHackathonUITests.xctest */,
			);
			name = Products;
			sourceTree = "<group>";
		};
		9AF793731E8715C400FCE830 /* iOS-LondonHackathon */ = {
			isa = PBXGroup;
			children = (
				9AF793AE1E8723F000FCE830 /* View */,
				9AF793A71E871CFA00FCE830 /* Model */,
				9AF793741E8715C400FCE830 /* AppDelegate.swift */,
				9AF793761E8715C400FCE830 /* ResultViewController.swift */,
				9AF793781E8715C400FCE830 /* Main.storyboard */,
				9AF7937B1E8715C400FCE830 /* Assets.xcassets */,
				9AF7937D1E8715C400FCE830 /* LaunchScreen.storyboard */,
				9AF793801E8715C400FCE830 /* Info.plist */,
			);
			path = "iOS-LondonHackathon";
			sourceTree = "<group>";
		};
		9AF793881E8715C400FCE830 /* iOS-LondonHackathonTests */ = {
			isa = PBXGroup;
			children = (
				9AF793891E8715C400FCE830 /* iOS_LondonHackathonTests.swift */,
				9AF7938B1E8715C400FCE830 /* Info.plist */,
			);
			path = "iOS-LondonHackathonTests";
			sourceTree = "<group>";
		};
		9AF793931E8715C400FCE830 /* iOS-LondonHackathonUITests */ = {
			isa = PBXGroup;
			children = (
				9AF793941E8715C400FCE830 /* iOS_LondonHackathonUITests.swift */,
				9AF793961E8715C400FCE830 /* Info.plist */,
			);
			path = "iOS-LondonHackathonUITests";
			sourceTree = "<group>";
		};
		9AF793A71E871CFA00FCE830 /* Model */ = {
			isa = PBXGroup;
			children = (
				9AF793A81E871D0700FCE830 /* Comment.swift */,
			);
			name = Model;
			sourceTree = "<group>";
		};
		9AF793AE1E8723F000FCE830 /* View */ = {
			isa = PBXGroup;
			children = (
				9AF793AC1E87238700FCE830 /* KolodaCardView.xib */,
				9AF793AA1E87235400FCE830 /* KolodaCardView.swift */,
				9AF793AF1E87240700FCE830 /* KolodaOverlayView.swift */,
				9AF793B11E87242B00FCE830 /* KolodaOverlayView.xib */,
			);
			name = View;
			sourceTree = "<group>";
		};
/* End PBXGroup section */

/* Begin PBXNativeTarget section */
		9AF793701E8715C400FCE830 /* iOS-LondonHackathon */ = {
			isa = PBXNativeTarget;
			buildConfigurationList = 9AF793991E8715C400FCE830 /* Build configuration list for PBXNativeTarget "iOS-LondonHackathon" */;
			buildPhases = (
				D3F79CA8BF377556620C523D /* [CP] Check Pods Manifest.lock */,
				9AF7936D1E8715C400FCE830 /* Sources */,
				9AF7936E1E8715C400FCE830 /* Frameworks */,
				9AF7936F1E8715C400FCE830 /* Resources */,
				6D1B45F4F431208D85FE8C0C /* [CP] Embed Pods Frameworks */,
				8745603F65EC061301E040D6 /* [CP] Copy Pods Resources */,
			);
			buildRules = (
			);
			dependencies = (
			);
			name = "iOS-LondonHackathon";
			productName = "iOS-LondonHackathon";
			productReference = 9AF793711E8715C400FCE830 /* iOS-LondonHackathon.app */;
			productType = "com.apple.product-type.application";
		};
		9AF793841E8715C400FCE830 /* iOS-LondonHackathonTests */ = {
			isa = PBXNativeTarget;
			buildConfigurationList = 9AF7939C1E8715C400FCE830 /* Build configuration list for PBXNativeTarget "iOS-LondonHackathonTests" */;
			buildPhases = (
				8B3E33E24F9AE2A3EDDDCD1A /* [CP] Check Pods Manifest.lock */,
				9AF793811E8715C400FCE830 /* Sources */,
				9AF793821E8715C400FCE830 /* Frameworks */,
				9AF793831E8715C400FCE830 /* Resources */,
				1B46EC03E1F212620102AA60 /* [CP] Embed Pods Frameworks */,
				DBD707C4B4615FAE853B88EF /* [CP] Copy Pods Resources */,
			);
			buildRules = (
			);
			dependencies = (
				9AF793871E8715C400FCE830 /* PBXTargetDependency */,
			);
			name = "iOS-LondonHackathonTests";
			productName = "iOS-LondonHackathonTests";
			productReference = 9AF793851E8715C400FCE830 /* iOS-LondonHackathonTests.xctest */;
			productType = "com.apple.product-type.bundle.unit-test";
		};
		9AF7938F1E8715C400FCE830 /* iOS-LondonHackathonUITests */ = {
			isa = PBXNativeTarget;
			buildConfigurationList = 9AF7939F1E8715C400FCE830 /* Build configuration list for PBXNativeTarget "iOS-LondonHackathonUITests" */;
			buildPhases = (
				979F4877584767A1C3896B5A /* [CP] Check Pods Manifest.lock */,
				9AF7938C1E8715C400FCE830 /* Sources */,
				9AF7938D1E8715C400FCE830 /* Frameworks */,
				9AF7938E1E8715C400FCE830 /* Resources */,
				B4C29B436BE9317B8AD3441B /* [CP] Embed Pods Frameworks */,
				681C1D2FE19F375E445FC73F /* [CP] Copy Pods Resources */,
			);
			buildRules = (
			);
			dependencies = (
				9AF793921E8715C400FCE830 /* PBXTargetDependency */,
			);
			name = "iOS-LondonHackathonUITests";
			productName = "iOS-LondonHackathonUITests";
			productReference = 9AF793901E8715C400FCE830 /* iOS-LondonHackathonUITests.xctest */;
			productType = "com.apple.product-type.bundle.ui-testing";
		};
/* End PBXNativeTarget section */

/* Begin PBXProject section */
		9AF793691E8715C400FCE830 /* Project object */ = {
			isa = PBXProject;
			attributes = {
				LastSwiftUpdateCheck = 0820;
				LastUpgradeCheck = 0820;
				ORGANIZATIONNAME = "Riku Arakawa";
				TargetAttributes = {
					9AF793701E8715C400FCE830 = {
						CreatedOnToolsVersion = 8.2.1;
						DevelopmentTeam = CWP9ZU9T8Z;
						ProvisioningStyle = Automatic;
					};
					9AF793841E8715C400FCE830 = {
						CreatedOnToolsVersion = 8.2.1;
						DevelopmentTeam = CWP9ZU9T8Z;
						ProvisioningStyle = Automatic;
						TestTargetID = 9AF793701E8715C400FCE830;
					};
					9AF7938F1E8715C400FCE830 = {
						CreatedOnToolsVersion = 8.2.1;
						DevelopmentTeam = CWP9ZU9T8Z;
						ProvisioningStyle = Automatic;
						TestTargetID = 9AF793701E8715C400FCE830;
					};
				};
			};
			buildConfigurationList = 9AF7936C1E8715C400FCE830 /* Build configuration list for PBXProject "iOS-LondonHackathon" */;
			compatibilityVersion = "Xcode 3.2";
			developmentRegion = English;
			hasScannedForEncodings = 0;
			knownRegions = (
				en,
				Base,
			);
			mainGroup = 9AF793681E8715C400FCE830;
			productRefGroup = 9AF793721E8715C400FCE830 /* Products */;
			projectDirPath = "";
			projectRoot = "";
			targets = (
				9AF793701E8715C400FCE830 /* iOS-LondonHackathon */,
				9AF793841E8715C400FCE830 /* iOS-LondonHackathonTests */,
				9AF7938F1E8715C400FCE830 /* iOS-LondonHackathonUITests */,
			);
		};
/* End PBXProject section */

/* Begin PBXResourcesBuildPhase section */
		9AF7936F1E8715C400FCE830 /* Resources */ = {
			isa = PBXResourcesBuildPhase;
			buildActionMask = 2147483647;
			files = (
				9AF7937F1E8715C400FCE830 /* LaunchScreen.storyboard in Resources */,
				9AF7937C1E8715C400FCE830 /* Assets.xcassets in Resources */,
				9AF793B21E87242B00FCE830 /* KolodaOverlayView.xib in Resources */,
				9AF793AD1E87238700FCE830 /* KolodaCardView.xib in Resources */,
				9AF7937A1E8715C400FCE830 /* Main.storyboard in Resources */,
			);
			runOnlyForDeploymentPostprocessing = 0;
		};
		9AF793831E8715C400FCE830 /* Resources */ = {
			isa = PBXResourcesBuildPhase;
			buildActionMask = 2147483647;
			files = (
			);
			runOnlyForDeploymentPostprocessing = 0;
		};
		9AF7938E1E8715C400FCE830 /* Resources */ = {
			isa = PBXResourcesBuildPhase;
			buildActionMask = 2147483647;
			files = (
			);
			runOnlyForDeploymentPostprocessing = 0;
		};
/* End PBXResourcesBuildPhase section */

/* Begin PBXShellScriptBuildPhase section */
		1B46EC03E1F212620102AA60 /* [CP] Embed Pods Frameworks */ = {
			isa = PBXShellScriptBuildPhase;
			buildActionMask = 2147483647;
			files = (
			);
			inputPaths = (
			);
			name = "[CP] Embed Pods Frameworks";
			outputPaths = (
			);
			runOnlyForDeploymentPostprocessing = 0;
			shellPath = /bin/sh;
			shellScript = "\"${SRCROOT}/Pods/Target Support Files/Pods-iOS-LondonHackathonTests/Pods-iOS-LondonHackathonTests-frameworks.sh\"\n";
			showEnvVarsInLog = 0;
		};
		681C1D2FE19F375E445FC73F /* [CP] Copy Pods Resources */ = {
			isa = PBXShellScriptBuildPhase;
			buildActionMask = 2147483647;
			files = (
			);
			inputPaths = (
			);
			name = "[CP] Copy Pods Resources";
			outputPaths = (
			);
			runOnlyForDeploymentPostprocessing = 0;
			shellPath = /bin/sh;
			shellScript = "\"${SRCROOT}/Pods/Target Support Files/Pods-iOS-LondonHackathonUITests/Pods-iOS-LondonHackathonUITests-resources.sh\"\n";
			showEnvVarsInLog = 0;
		};
		6D1B45F4F431208D85FE8C0C /* [CP] Embed Pods Frameworks */ = {
			isa = PBXShellScriptBuildPhase;
			buildActionMask = 2147483647;
			files = (
			);
			inputPaths = (
			);
			name = "[CP] Embed Pods Frameworks";
			outputPaths = (
			);
			runOnlyForDeploymentPostprocessing = 0;
			shellPath = /bin/sh;
			shellScript = "\"${SRCROOT}/Pods/Target Support Files/Pods-iOS-LondonHackathon/Pods-iOS-LondonHackathon-frameworks.sh\"\n";
			showEnvVarsInLog = 0;
		};
		8745603F65EC061301E040D6 /* [CP] Copy Pods Resources */ = {
			isa = PBXShellScriptBuildPhase;
			buildActionMask = 2147483647;
			files = (
			);
			inputPaths = (
			);
			name = "[CP] Copy Pods Resources";
			outputPaths = (
			);
			runOnlyForDeploymentPostprocessing = 0;
			shellPath = /bin/sh;
			shellScript = "\"${SRCROOT}/Pods/Target Support Files/Pods-iOS-LondonHackathon/Pods-iOS-LondonHackathon-resources.sh\"\n";
			showEnvVarsInLog = 0;
		};
		8B3E33E24F9AE2A3EDDDCD1A /* [CP] Check Pods Manifest.lock */ = {
			isa = PBXShellScriptBuildPhase;
			buildActionMask = 2147483647;
			files = (
			);
			inputPaths = (
			);
			name = "[CP] Check Pods Manifest.lock";
			outputPaths = (
			);
			runOnlyForDeploymentPostprocessing = 0;
			shellPath = /bin/sh;
			shellScript = "diff \"${PODS_ROOT}/../Podfile.lock\" \"${PODS_ROOT}/Manifest.lock\" > /dev/null\nif [ $? != 0 ] ; then\n    # print error to STDERR\n    echo \"error: The sandbox is not in sync with the Podfile.lock. Run 'pod install' or update your CocoaPods installation.\" >&2\n    exit 1\nfi\n";
			showEnvVarsInLog = 0;
		};
		979F4877584767A1C3896B5A /* [CP] Check Pods Manifest.lock */ = {
			isa = PBXShellScriptBuildPhase;
			buildActionMask = 2147483647;
			files = (
			);
			inputPaths = (
			);
			name = "[CP] Check Pods Manifest.lock";
			outputPaths = (
			);
			runOnlyForDeploymentPostprocessing = 0;
			shellPath = /bin/sh;
			shellScript = "diff \"${PODS_ROOT}/../Podfile.lock\" \"${PODS_ROOT}/Manifest.lock\" > /dev/null\nif [ $? != 0 ] ; then\n    # print error to STDERR\n    echo \"error: The sandbox is not in sync with the Podfile.lock. Run 'pod install' or update your CocoaPods installation.\" >&2\n    exit 1\nfi\n";
			showEnvVarsInLog = 0;
		};
		B4C29B436BE9317B8AD3441B /* [CP] Embed Pods Frameworks */ = {
			isa = PBXShellScriptBuildPhase;
			buildActionMask = 2147483647;
			files = (
			);
			inputPaths = (
			);
			name = "[CP] Embed Pods Frameworks";
			outputPaths = (
			);
			runOnlyForDeploymentPostprocessing = 0;
			shellPath = /bin/sh;
			shellScript = "\"${SRCROOT}/Pods/Target Support Files/Pods-iOS-LondonHackathonUITests/Pods-iOS-LondonHackathonUITests-frameworks.sh\"\n";
			showEnvVarsInLog = 0;
		};
		D3F79CA8BF377556620C523D /* [CP] Check Pods Manifest.lock */ = {
			isa = PBXShellScriptBuildPhase;
			buildActionMask = 2147483647;
			files = (
			);
			inputPaths = (
			);
			name = "[CP] Check Pods Manifest.lock";
			outputPaths = (
			);
			runOnlyForDeploymentPostprocessing = 0;
			shellPath = /bin/sh;
			shellScript = "diff \"${PODS_ROOT}/../Podfile.lock\" \"${PODS_ROOT}/Manifest.lock\" > /dev/null\nif [ $? != 0 ] ; then\n    # print error to STDERR\n    echo \"error: The sandbox is not in sync with the Podfile.lock. Run 'pod install' or update your CocoaPods installation.\" >&2\n    exit 1\nfi\n";
			showEnvVarsInLog = 0;
		};
		DBD707C4B4615FAE853B88EF /* [CP] Copy Pods Resources */ = {
			isa = PBXShellScriptBuildPhase;
			buildActionMask = 2147483647;
			files = (
			);
			inputPaths = (
			);
			name = "[CP] Copy Pods Resources";
			outputPaths = (
			);
			runOnlyForDeploymentPostprocessing = 0;
			shellPath = /bin/sh;
			shellScript = "\"${SRCROOT}/Pods/Target Support Files/Pods-iOS-LondonHackathonTests/Pods-iOS-LondonHackathonTests-resources.sh\"\n";
			showEnvVarsInLog = 0;
		};
/* End PBXShellScriptBuildPhase section */

/* Begin PBXSourcesBuildPhase section */
		9AF7936D1E8715C400FCE830 /* Sources */ = {
			isa = PBXSourcesBuildPhase;
			buildActionMask = 2147483647;
			files = (
				9AF793B01E87240700FCE830 /* KolodaOverlayView.swift in Sources */,
				9AF793A91E871D0700FCE830 /* Comment.swift in Sources */,
				9AF793771E8715C400FCE830 /* ResultViewController.swift in Sources */,
				9AF793AB1E87235400FCE830 /* KolodaCardView.swift in Sources */,
				9AF793751E8715C400FCE830 /* AppDelegate.swift in Sources */,
			);
			runOnlyForDeploymentPostprocessing = 0;
		};
		9AF793811E8715C400FCE830 /* Sources */ = {
			isa = PBXSourcesBuildPhase;
			buildActionMask = 2147483647;
			files = (
				9AF7938A1E8715C400FCE830 /* iOS_LondonHackathonTests.swift in Sources */,
			);
			runOnlyForDeploymentPostprocessing = 0;
		};
		9AF7938C1E8715C400FCE830 /* Sources */ = {
			isa = PBXSourcesBuildPhase;
			buildActionMask = 2147483647;
			files = (
				9AF793951E8715C400FCE830 /* iOS_LondonHackathonUITests.swift in Sources */,
			);
			runOnlyForDeploymentPostprocessing = 0;
		};
/* End PBXSourcesBuildPhase section */

/* Begin PBXTargetDependency section */
		9AF793871E8715C400FCE830 /* PBXTargetDependency */ = {
			isa = PBXTargetDependency;
			target = 9AF793701E8715C400FCE830 /* iOS-LondonHackathon */;
			targetProxy = 9AF793861E8715C400FCE830 /* PBXContainerItemProxy */;
		};
		9AF793921E8715C400FCE830 /* PBXTargetDependency */ = {
			isa = PBXTargetDependency;
			target = 9AF793701E8715C400FCE830 /* iOS-LondonHackathon */;
			targetProxy = 9AF793911E8715C400FCE830 /* PBXContainerItemProxy */;
		};
/* End PBXTargetDependency section */

/* Begin PBXVariantGroup section */
		9AF793781E8715C400FCE830 /* Main.storyboard */ = {
			isa = PBXVariantGroup;
			children = (
				9AF793791E8715C400FCE830 /* Base */,
			);
			name = Main.storyboard;
			sourceTree = "<group>";
		};
		9AF7937D1E8715C400FCE830 /* LaunchScreen.storyboard */ = {
			isa = PBXVariantGroup;
			children = (
				9AF7937E1E8715C400FCE830 /* Base */,
			);
			name = LaunchScreen.storyboard;
			sourceTree = "<group>";
		};
/* End PBXVariantGroup section */

/* Begin XCBuildConfiguration section */
		9AF793971E8715C400FCE830 /* Debug */ = {
			isa = XCBuildConfiguration;
			buildSettings = {
				ALWAYS_SEARCH_USER_PATHS = NO;
				CLANG_ANALYZER_NONNULL = YES;
				CLANG_CXX_LANGUAGE_STANDARD = "gnu++0x";
				CLANG_CXX_LIBRARY = "libc++";
				CLANG_ENABLE_MODULES = YES;
				CLANG_ENABLE_OBJC_ARC = YES;
				CLANG_WARN_BOOL_CONVERSION = YES;
				CLANG_WARN_CONSTANT_CONVERSION = YES;
				CLANG_WARN_DIRECT_OBJC_ISA_USAGE = YES_ERROR;
				CLANG_WARN_DOCUMENTATION_COMMENTS = YES;
				CLANG_WARN_EMPTY_BODY = YES;
				CLANG_WARN_ENUM_CONVERSION = YES;
				CLANG_WARN_INFINITE_RECURSION = YES;
				CLANG_WARN_INT_CONVERSION = YES;
				CLANG_WARN_OBJC_ROOT_CLASS = YES_ERROR;
				CLANG_WARN_SUSPICIOUS_MOVE = YES;
				CLANG_WARN_UNREACHABLE_CODE = YES;
				CLANG_WARN__DUPLICATE_METHOD_MATCH = YES;
				"CODE_SIGN_IDENTITY[sdk=iphoneos*]" = "iPhone Developer";
				COPY_PHASE_STRIP = NO;
				DEBUG_INFORMATION_FORMAT = dwarf;
				ENABLE_STRICT_OBJC_MSGSEND = YES;
				ENABLE_TESTABILITY = YES;
				GCC_C_LANGUAGE_STANDARD = gnu99;
				GCC_DYNAMIC_NO_PIC = NO;
				GCC_NO_COMMON_BLOCKS = YES;
				GCC_OPTIMIZATION_LEVEL = 0;
				GCC_PREPROCESSOR_DEFINITIONS = (
					"DEBUG=1",
					"$(inherited)",
				);
				GCC_WARN_64_TO_32_BIT_CONVERSION = YES;
				GCC_WARN_ABOUT_RETURN_TYPE = YES_ERROR;
				GCC_WARN_UNDECLARED_SELECTOR = YES;
				GCC_WARN_UNINITIALIZED_AUTOS = YES_AGGRESSIVE;
				GCC_WARN_UNUSED_FUNCTION = YES;
				GCC_WARN_UNUSED_VARIABLE = YES;
				IPHONEOS_DEPLOYMENT_TARGET = 10.2;
				MTL_ENABLE_DEBUG_INFO = YES;
				ONLY_ACTIVE_ARCH = YES;
				SDKROOT = iphoneos;
				SWIFT_ACTIVE_COMPILATION_CONDITIONS = DEBUG;
				SWIFT_OPTIMIZATION_LEVEL = "-Onone";
			};
			name = Debug;
		};
		9AF793981E8715C400FCE830 /* Release */ = {
			isa = XCBuildConfiguration;
			buildSettings = {
				ALWAYS_SEARCH_USER_PATHS = NO;
				CLANG_ANALYZER_NONNULL = YES;
				CLANG_CXX_LANGUAGE_STANDARD = "gnu++0x";
				CLANG_CXX_LIBRARY = "libc++";
				CLANG_ENABLE_MODULES = YES;
				CLANG_ENABLE_OBJC_ARC = YES;
				CLANG_WARN_BOOL_CONVERSION = YES;
				CLANG_WARN_CONSTANT_CONVERSION = YES;
				CLANG_WARN_DIRECT_OBJC_ISA_USAGE = YES_ERROR;
				CLANG_WARN_DOCUMENTATION_COMMENTS = YES;
				CLANG_WARN_EMPTY_BODY = YES;
				CLANG_WARN_ENUM_CONVERSION = YES;
				CLANG_WARN_INFINITE_RECURSION = YES;
				CLANG_WARN_INT_CONVERSION = YES;
				CLANG_WARN_OBJC_ROOT_CLASS = YES_ERROR;
				CLANG_WARN_SUSPICIOUS_MOVE = YES;
				CLANG_WARN_UNREACHABLE_CODE = YES;
				CLANG_WARN__DUPLICATE_METHOD_MATCH = YES;
				"CODE_SIGN_IDENTITY[sdk=iphoneos*]" = "iPhone Developer";
				COPY_PHASE_STRIP = NO;
				DEBUG_INFORMATION_FORMAT = "dwarf-with-dsym";
				ENABLE_NS_ASSERTIONS = NO;
				ENABLE_STRICT_OBJC_MSGSEND = YES;
				GCC_C_LANGUAGE_STANDARD = gnu99;
				GCC_NO_COMMON_BLOCKS = YES;
				GCC_WARN_64_TO_32_BIT_CONVERSION = YES;
				GCC_WARN_ABOUT_RETURN_TYPE = YES_ERROR;
				GCC_WARN_UNDECLARED_SELECTOR = YES;
				GCC_WARN_UNINITIALIZED_AUTOS = YES_AGGRESSIVE;
				GCC_WARN_UNUSED_FUNCTION = YES;
				GCC_WARN_UNUSED_VARIABLE = YES;
				IPHONEOS_DEPLOYMENT_TARGET = 10.2;
				MTL_ENABLE_DEBUG_INFO = NO;
				SDKROOT = iphoneos;
				SWIFT_OPTIMIZATION_LEVEL = "-Owholemodule";
				VALIDATE_PRODUCT = YES;
			};
			name = Release;
		};
		9AF7939A1E8715C400FCE830 /* Debug */ = {
			isa = XCBuildConfiguration;
			baseConfigurationReference = 564F48EBA1306F45A26665E5 /* Pods-iOS-LondonHackathon.debug.xcconfig */;
			buildSettings = {
				ASSETCATALOG_COMPILER_APPICON_NAME = AppIcon;
				DEVELOPMENT_TEAM = CWP9ZU9T8Z;
				INFOPLIST_FILE = "iOS-LondonHackathon/Info.plist";
				LD_RUNPATH_SEARCH_PATHS = "$(inherited) @executable_path/Frameworks";
				PRODUCT_BUNDLE_IDENTIFIER = "rikky0611.iOS-LondonHackathon";
				PRODUCT_NAME = "$(TARGET_NAME)";
				SWIFT_VERSION = 3.0;
			};
			name = Debug;
		};
		9AF7939B1E8715C400FCE830 /* Release */ = {
			isa = XCBuildConfiguration;
			baseConfigurationReference = 2D96F03ABF455EE37F2138FA /* Pods-iOS-LondonHackathon.release.xcconfig */;
			buildSettings = {
				ASSETCATALOG_COMPILER_APPICON_NAME = AppIcon;
				DEVELOPMENT_TEAM = CWP9ZU9T8Z;
				INFOPLIST_FILE = "iOS-LondonHackathon/Info.plist";
				LD_RUNPATH_SEARCH_PATHS = "$(inherited) @executable_path/Frameworks";
				PRODUCT_BUNDLE_IDENTIFIER = "rikky0611.iOS-LondonHackathon";
				PRODUCT_NAME = "$(TARGET_NAME)";
				SWIFT_VERSION = 3.0;
			};
			name = Release;
		};
		9AF7939D1E8715C400FCE830 /* Debug */ = {
			isa = XCBuildConfiguration;
			baseConfigurationReference = FA85A9E1436554D893EA328F /* Pods-iOS-LondonHackathonTests.debug.xcconfig */;
			buildSettings = {
				ALWAYS_EMBED_SWIFT_STANDARD_LIBRARIES = YES;
				BUNDLE_LOADER = "$(TEST_HOST)";
				DEVELOPMENT_TEAM = CWP9ZU9T8Z;
				INFOPLIST_FILE = "iOS-LondonHackathonTests/Info.plist";
				LD_RUNPATH_SEARCH_PATHS = "$(inherited) @executable_path/Frameworks @loader_path/Frameworks";
				PRODUCT_BUNDLE_IDENTIFIER = "rikky0611.iOS-LondonHackathonTests";
				PRODUCT_NAME = "$(TARGET_NAME)";
				SWIFT_VERSION = 3.0;
				TEST_HOST = "$(BUILT_PRODUCTS_DIR)/iOS-LondonHackathon.app/iOS-LondonHackathon";
			};
			name = Debug;
		};
		9AF7939E1E8715C400FCE830 /* Release */ = {
			isa = XCBuildConfiguration;
			baseConfigurationReference = 2A95C023F2F2E1C19FA6B3D4 /* Pods-iOS-LondonHackathonTests.release.xcconfig */;
			buildSettings = {
				ALWAYS_EMBED_SWIFT_STANDARD_LIBRARIES = YES;
				BUNDLE_LOADER = "$(TEST_HOST)";
				DEVELOPMENT_TEAM = CWP9ZU9T8Z;
				INFOPLIST_FILE = "iOS-LondonHackathonTests/Info.plist";
				LD_RUNPATH_SEARCH_PATHS = "$(inherited) @executable_path/Frameworks @loader_path/Frameworks";
				PRODUCT_BUNDLE_IDENTIFIER = "rikky0611.iOS-LondonHackathonTests";
				PRODUCT_NAME = "$(TARGET_NAME)";
				SWIFT_VERSION = 3.0;
				TEST_HOST = "$(BUILT_PRODUCTS_DIR)/iOS-LondonHackathon.app/iOS-LondonHackathon";
			};
			name = Release;
		};
		9AF793A01E8715C400FCE830 /* Debug */ = {
			isa = XCBuildConfiguration;
			baseConfigurationReference = 37CED3ED7D568D833C53C1A7 /* Pods-iOS-LondonHackathonUITests.debug.xcconfig */;
			buildSettings = {
				ALWAYS_EMBED_SWIFT_STANDARD_LIBRARIES = YES;
				DEVELOPMENT_TEAM = CWP9ZU9T8Z;
				INFOPLIST_FILE = "iOS-LondonHackathonUITests/Info.plist";
				LD_RUNPATH_SEARCH_PATHS = "$(inherited) @executable_path/Frameworks @loader_path/Frameworks";
				PRODUCT_BUNDLE_IDENTIFIER = "rikky0611.iOS-LondonHackathonUITests";
				PRODUCT_NAME = "$(TARGET_NAME)";
				SWIFT_VERSION = 3.0;
				TEST_TARGET_NAME = "iOS-LondonHackathon";
			};
			name = Debug;
		};
		9AF793A11E8715C400FCE830 /* Release */ = {
			isa = XCBuildConfiguration;
			baseConfigurationReference = E5727246DA1DB046805DF4CE /* Pods-iOS-LondonHackathonUITests.release.xcconfig */;
			buildSettings = {
				ALWAYS_EMBED_SWIFT_STANDARD_LIBRARIES = YES;
				DEVELOPMENT_TEAM = CWP9ZU9T8Z;
				INFOPLIST_FILE = "iOS-LondonHackathonUITests/Info.plist";
				LD_RUNPATH_SEARCH_PATHS = "$(inherited) @executable_path/Frameworks @loader_path/Frameworks";
				PRODUCT_BUNDLE_IDENTIFIER = "rikky0611.iOS-LondonHackathonUITests";
				PRODUCT_NAME = "$(TARGET_NAME)";
				SWIFT_VERSION = 3.0;
				TEST_TARGET_NAME = "iOS-LondonHackathon";
			};
			name = Release;
		};
/* End XCBuildConfiguration section */

/* Begin XCConfigurationList section */
		9AF7936C1E8715C400FCE830 /* Build configuration list for PBXProject "iOS-LondonHackathon" */ = {
			isa = XCConfigurationList;
			buildConfigurations = (
				9AF793971E8715C400FCE830 /* Debug */,
				9AF793981E8715C400FCE830 /* Release */,
			);
			defaultConfigurationIsVisible = 0;
			defaultConfigurationName = Release;
		};
		9AF793991E8715C400FCE830 /* Build configuration list for PBXNativeTarget "iOS-LondonHackathon" */ = {
			isa = XCConfigurationList;
			buildConfigurations = (
				9AF7939A1E8715C400FCE830 /* Debug */,
				9AF7939B1E8715C400FCE830 /* Release */,
			);
			defaultConfigurationIsVisible = 0;
			defaultConfigurationName = Release;
		};
		9AF7939C1E8715C400FCE830 /* Build configuration list for PBXNativeTarget "iOS-LondonHackathonTests" */ = {
			isa = XCConfigurationList;
			buildConfigurations = (
				9AF7939D1E8715C400FCE830 /* Debug */,
				9AF7939E1E8715C400FCE830 /* Release */,
			);
			defaultConfigurationIsVisible = 0;
			defaultConfigurationName = Release;
		};
		9AF7939F1E8715C400FCE830 /* Build configuration list for PBXNativeTarget "iOS-LondonHackathonUITests" */ = {
			isa = XCConfigurationList;
			buildConfigurations = (
				9AF793A01E8715C400FCE830 /* Debug */,
				9AF793A11E8715C400FCE830 /* Release */,
			);
			defaultConfigurationIsVisible = 0;
			defaultConfigurationName = Release;
		};
/* End XCConfigurationList section */
	};
	rootObject = 9AF793691E8715C400FCE830 /* Project object */;
}
